github.com/rbxb/httpfilter v0.0.0-20200227015215-0d0d9419949f h1:+kR+Vpc0O8PzI5xJQEMud+SbDGWknuPFes1Ko788Uls=
github.com/rbxb/httpfilter v0.0.0-20200227015215-0d0d9419949f/go.mod h1:a5g1a+FRZnQ4MM49Cl0A8ripRqXbvh6iuOOcNXLXsIg=
github.com/robertkrimen/godocdown v0.0.0-20130622164427-0bfa04905481/go.mod h1:C9WhFzY47SzYBIvzFqSvHIR6ROgDo4TtdTuRaOMjF/s=
